
Microsoft Visual Studio Solution File, Format Version 12.00
# Visual Studio Version 17
VisualStudioVersion = 17.2.32630.192
MinimumVisualStudioVersion = 10.0.40219.1
Project("{9A19103F-16F7-4668-BE54-9A1E7A4F7556}") = "R5T.F0121", "R5T.F0121\R5T.F0121.csproj", "{FB62A5A2-F22D-4323-8E5E-6AAB43C1CA92}"
EndProject
Project("{2150E333-8FDC-42A3-9474-1A3956D46DE8}") = "_Dependencies", "_Dependencies", "{44232E7E-610D-4718-83B7-E9D56D7F19F8}"
EndProject
Project("{9A19103F-16F7-4668-BE54-9A1E7A4F7556}") = "R5T.T0143", "..\..\R5T.T0143\source\R5T.T0143\R5T.T0143.csproj", "{968739D4-D0C2-4605-ADC6-ED35363D6823}"
EndProject
Project("{9A19103F-16F7-4668-BE54-9A1E7A4F7556}") = "R5T.T0178", "..\..\R5T.T0178\source\R5T.T0178\R5T.T0178.csproj", "{E7C55991-24B8-408C-8693-81F991693022}"
EndProject
Project("{9A19103F-16F7-4668-BE54-9A1E7A4F7556}") = "R5T.T0179", "..\..\R5T.T0179\source\R5T.T0179\R5T.T0179.csproj", "{750EE21E-A9D1-4862-B175-BB3FFF71F43D}"
EndProject
Project("{9A19103F-16F7-4668-BE54-9A1E7A4F7556}") = "R5T.T0131", "..\..\R5T.T0131\source\R5T.T0131\R5T.T0131.csproj", "{9592F3E0-E8FC-49BD-A2D9-F16C1D374B7E}"
EndProject
Project("{9A19103F-16F7-4668-BE54-9A1E7A4F7556}") = "R5T.T0132", "..\..\R5T.T0132\source\R5T.T0132\R5T.T0132.csproj", "{51806BC8-8101-48DF-AA41-EECE700691EA}"
EndProject
Project("{9A19103F-16F7-4668-BE54-9A1E7A4F7556}") = "R5T.T0161", "..\..\R5T.T0161\source\R5T.T0161\R5T.T0161.csproj", "{D0A5267F-2344-4C3F-BD71-CD8C52B617B7}"
EndProject
Project("{9A19103F-16F7-4668-BE54-9A1E7A4F7556}") = "R5T.F0000", "..\..\R5T.F0000\source\R5T.F0000\R5T.F0000.csproj", "{EB4BA1C2-B089-4DEC-B600-B444701A78C1}"
EndProject
Project("{9A19103F-16F7-4668-BE54-9A1E7A4F7556}") = "R5T.T0142", "..\..\R5T.T0142\source\R5T.T0142\R5T.T0142.csproj", "{1B334EA9-D484-48A4-823C-9E276A15D5E2}"
EndProject
Project("{9A19103F-16F7-4668-BE54-9A1E7A4F7556}") = "R5T.T0156", "..\..\R5T.T0156\source\R5T.T0156\R5T.T0156.csproj", "{E2ACA630-DAEB-4CD0-BC2D-21530826500C}"
EndProject
Project("{9A19103F-16F7-4668-BE54-9A1E7A4F7556}") = "R5T.Y0000", "..\..\R5T.Y0000\source\R5T.Y0000\R5T.Y0000.csproj", "{91462CF4-FC33-4DCC-8D99-EE8BE23707E5}"
EndProject
Project("{9A19103F-16F7-4668-BE54-9A1E7A4F7556}") = "R5T.Z0000", "..\..\R5T.Z0000\source\R5T.Z0000\R5T.Z0000.csproj", "{99917145-8CAA-4B15-916C-3910E9D94381}"
EndProject
Global
	GlobalSection(NestedProjects) = preSolution
		{968739D4-D0C2-4605-ADC6-ED35363D6823} = {44232E7E-610D-4718-83B7-E9D56D7F19F8}
		{E7C55991-24B8-408C-8693-81F991693022} = {44232E7E-610D-4718-83B7-E9D56D7F19F8}
		{750EE21E-A9D1-4862-B175-BB3FFF71F43D} = {44232E7E-610D-4718-83B7-E9D56D7F19F8}
		{9592F3E0-E8FC-49BD-A2D9-F16C1D374B7E} = {44232E7E-610D-4718-83B7-E9D56D7F19F8}
		{51806BC8-8101-48DF-AA41-EECE700691EA} = {44232E7E-610D-4718-83B7-E9D56D7F19F8}
		{D0A5267F-2344-4C3F-BD71-CD8C52B617B7} = {44232E7E-610D-4718-83B7-E9D56D7F19F8}
		{EB4BA1C2-B089-4DEC-B600-B444701A78C1} = {44232E7E-610D-4718-83B7-E9D56D7F19F8}
		{1B334EA9-D484-48A4-823C-9E276A15D5E2} = {44232E7E-610D-4718-83B7-E9D56D7F19F8}
		{E2ACA630-DAEB-4CD0-BC2D-21530826500C} = {44232E7E-610D-4718-83B7-E9D56D7F19F8}
		{91462CF4-FC33-4DCC-8D99-EE8BE23707E5} = {44232E7E-610D-4718-83B7-E9D56D7F19F8}
		{99917145-8CAA-4B15-916C-3910E9D94381} = {44232E7E-610D-4718-83B7-E9D56D7F19F8}
	EndGlobalSection
	GlobalSection(SolutionConfigurationPlatforms) = preSolution
		Debug|Any CPU = Debug|Any CPU
		Release|Any CPU = Release|Any CPU
	EndGlobalSection
	GlobalSection(ProjectConfigurationPlatforms) = postSolution
		{FB62A5A2-F22D-4323-8E5E-6AAB43C1CA92}.Debug|Any CPU.ActiveCfg = Debug|Any CPU
		{FB62A5A2-F22D-4323-8E5E-6AAB43C1CA92}.Debug|Any CPU.Build.0 = Debug|Any CPU
		{FB62A5A2-F22D-4323-8E5E-6AAB43C1CA92}.Release|Any CPU.ActiveCfg = Release|Any CPU
		{FB62A5A2-F22D-4323-8E5E-6AAB43C1CA92}.Release|Any CPU.Build.0 = Release|Any CPU
		{968739D4-D0C2-4605-ADC6-ED35363D6823}.Debug|Any CPU.ActiveCfg = Debug|Any CPU
		{968739D4-D0C2-4605-ADC6-ED35363D6823}.Debug|Any CPU.Build.0 = Debug|Any CPU
		{968739D4-D0C2-4605-ADC6-ED35363D6823}.Release|Any CPU.ActiveCfg = Release|Any CPU
		{968739D4-D0C2-4605-ADC6-ED35363D6823}.Release|Any CPU.Build.0 = Release|Any CPU
		{E7C55991-24B8-408C-8693-81F991693022}.Debug|Any CPU.ActiveCfg = Debug|Any CPU
		{E7C55991-24B8-408C-8693-81F991693022}.Debug|Any CPU.Build.0 = Debug|Any CPU
		{E7C55991-24B8-408C-8693-81F991693022}.Release|Any CPU.ActiveCfg = Release|Any CPU
		{E7C55991-24B8-408C-8693-81F991693022}.Release|Any CPU.Build.0 = Release|Any CPU
		{750EE21E-A9D1-4862-B175-BB3FFF71F43D}.Debug|Any CPU.ActiveCfg = Debug|Any CPU
		{750EE21E-A9D1-4862-B175-BB3FFF71F43D}.Debug|Any CPU.Build.0 = Debug|Any CPU
		{750EE21E-A9D1-4862-B175-BB3FFF71F43D}.Release|Any CPU.ActiveCfg = Release|Any CPU
		{750EE21E-A9D1-4862-B175-BB3FFF71F43D}.Release|Any CPU.Build.0 = Release|Any CPU
		{9592F3E0-E8FC-49BD-A2D9-F16C1D374B7E}.Debug|Any CPU.ActiveCfg = Debug|Any CPU
		{9592F3E0-E8FC-49BD-A2D9-F16C1D374B7E}.Debug|Any CPU.Build.0 = Debug|Any CPU
		{9592F3E0-E8FC-49BD-A2D9-F16C1D374B7E}.Release|Any CPU.ActiveCfg = Release|Any CPU
		{9592F3E0-E8FC-49BD-A2D9-F16C1D374B7E}.Release|Any CPU.Build.0 = Release|Any CPU
		{51806BC8-8101-48DF-AA41-EECE700691EA}.Debug|Any CPU.ActiveCfg = Debug|Any CPU
		{51806BC8-8101-48DF-AA41-EECE700691EA}.Debug|Any CPU.Build.0 = Debug|Any CPU
		{51806BC8-8101-48DF-AA41-EECE700691EA}.Release|Any CPU.ActiveCfg = Release|Any CPU
		{51806BC8-8101-48DF-AA41-EECE700691EA}.Release|Any CPU.Build.0 = Release|Any CPU
		{D0A5267F-2344-4C3F-BD71-CD8C52B617B7}.Debug|Any CPU.ActiveCfg = Debug|Any CPU
		{D0A5267F-2344-4C3F-BD71-CD8C52B617B7}.Debug|Any CPU.Build.0 = Debug|Any CPU
		{D0A5267F-2344-4C3F-BD71-CD8C52B617B7}.Release|Any CPU.ActiveCfg = Release|Any CPU
		{D0A5267F-2344-4C3F-BD71-CD8C52B617B7}.Release|Any CPU.Build.0 = Release|Any CPU
		{EB4BA1C2-B089-4DEC-B600-B444701A78C1}.Debug|Any CPU.ActiveCfg = Debug|Any CPU
		{EB4BA1C2-B089-4DEC-B600-B444701A78C1}.Debug|Any CPU.Build.0 = Debug|Any CPU
		{EB4BA1C2-B089-4DEC-B600-B444701A78C1}.Release|Any CPU.ActiveCfg = Release|Any CPU
		{EB4BA1C2-B089-4DEC-B600-B444701A78C1}.Release|Any CPU.Build.0 = Release|Any CPU
		{1B334EA9-D484-48A4-823C-9E276A15D5E2}.Debug|Any CPU.ActiveCfg = Debug|Any CPU
		{1B334EA9-D484-48A4-823C-9E276A15D5E2}.Debug|Any CPU.Build.0 = Debug|Any CPU
		{1B334EA9-D484-48A4-823C-9E276A15D5E2}.Release|Any CPU.ActiveCfg = Release|Any CPU
		{1B334EA9-D484-48A4-823C-9E276A15D5E2}.Release|Any CPU.Build.0 = Release|Any CPU
		{E2ACA630-DAEB-4CD0-BC2D-21530826500C}.Debug|Any CPU.ActiveCfg = Debug|Any CPU
		{E2ACA630-DAEB-4CD0-BC2D-21530826500C}.Debug|Any CPU.Build.0 = Debug|Any CPU
		{E2ACA630-DAEB-4CD0-BC2D-21530826500C}.Release|Any CPU.ActiveCfg = Release|Any CPU
		{E2ACA630-DAEB-4CD0-BC2D-21530826500C}.Release|Any CPU.Build.0 = Release|Any CPU
		{91462CF4-FC33-4DCC-8D99-EE8BE23707E5}.Debug|Any CPU.ActiveCfg = Debug|Any CPU
		{91462CF4-FC33-4DCC-8D99-EE8BE23707E5}.Debug|Any CPU.Build.0 = Debug|Any CPU
		{91462CF4-FC33-4DCC-8D99-EE8BE23707E5}.Release|Any CPU.ActiveCfg = Release|Any CPU
		{91462CF4-FC33-4DCC-8D99-EE8BE23707E5}.Release|Any CPU.Build.0 = Release|Any CPU
		{99917145-8CAA-4B15-916C-3910E9D94381}.Debug|Any CPU.ActiveCfg = Debug|Any CPU
		{99917145-8CAA-4B15-916C-3910E9D94381}.Debug|Any CPU.Build.0 = Debug|Any CPU
		{99917145-8CAA-4B15-916C-3910E9D94381}.Release|Any CPU.ActiveCfg = Release|Any CPU
		{99917145-8CAA-4B15-916C-3910E9D94381}.Release|Any CPU.Build.0 = Release|Any CPU
	EndGlobalSection
	GlobalSection(SolutionProperties) = preSolution
		HideSolutionNode = FALSE
	EndGlobalSection
	GlobalSection(ExtensibilityGlobals) = postSolution
		SolutionGuid = {51FD4327-3794-41C3-986D-D79DD2CD5DD6}
	EndGlobalSection
EndGlobal
