
Microsoft Visual Studio Solution File, Format Version 12.00
# Visual Studio Version 17
VisualStudioVersion = 17.2.32630.192
MinimumVisualStudioVersion = 10.0.40219.1
Project("{9A19103F-16F7-4668-BE54-9A1E7A4F7556}") = "R5T.F0121.Construction", "R5T.F0121.Construction\R5T.F0121.Construction.csproj", "{6901D353-E8F7-4054-8608-E56560F0A005}"
EndProject
Project("{9A19103F-16F7-4668-BE54-9A1E7A4F7556}") = "R5T.F0121", "R5T.F0121\R5T.F0121.csproj", "{9ADCA6D3-33DF-410D-B367-B180190A34C9}"
EndProject
Global
	GlobalSection(SolutionConfigurationPlatforms) = preSolution
		Debug|Any CPU = Debug|Any CPU
		Release|Any CPU = Release|Any CPU
	EndGlobalSection
	GlobalSection(ProjectConfigurationPlatforms) = postSolution
		{6901D353-E8F7-4054-8608-E56560F0A005}.Debug|Any CPU.ActiveCfg = Debug|Any CPU
		{6901D353-E8F7-4054-8608-E56560F0A005}.Debug|Any CPU.Build.0 = Debug|Any CPU
		{6901D353-E8F7-4054-8608-E56560F0A005}.Release|Any CPU.ActiveCfg = Release|Any CPU
		{6901D353-E8F7-4054-8608-E56560F0A005}.Release|Any CPU.Build.0 = Release|Any CPU
		{9ADCA6D3-33DF-410D-B367-B180190A34C9}.Debug|Any CPU.ActiveCfg = Debug|Any CPU
		{9ADCA6D3-33DF-410D-B367-B180190A34C9}.Debug|Any CPU.Build.0 = Debug|Any CPU
		{9ADCA6D3-33DF-410D-B367-B180190A34C9}.Release|Any CPU.ActiveCfg = Release|Any CPU
		{9ADCA6D3-33DF-410D-B367-B180190A34C9}.Release|Any CPU.Build.0 = Release|Any CPU
	EndGlobalSection
	GlobalSection(SolutionProperties) = preSolution
		HideSolutionNode = FALSE
	EndGlobalSection
	GlobalSection(ExtensibilityGlobals) = postSolution
		SolutionGuid = {BF898A29-7204-4866-905D-9EF4BEAC2A34}
	EndGlobalSection
EndGlobal
