
Microsoft Visual Studio Solution File, Format Version 12.00
# Visual Studio Version 17
VisualStudioVersion = 17.2.32630.192
MinimumVisualStudioVersion = 10.0.40219.1
Project("{9A19103F-16F7-4668-BE54-9A1E7A4F7556}") = "R5T.F0121.Construction", "R5T.F0121.Construction\R5T.F0121.Construction.csproj", "{6901D353-E8F7-4054-8608-E56560F0A005}"
EndProject
Project("{9A19103F-16F7-4668-BE54-9A1E7A4F7556}") = "R5T.F0121", "R5T.F0121\R5T.F0121.csproj", "{9ADCA6D3-33DF-410D-B367-B180190A34C9}"
EndProject
Project("{2150E333-8FDC-42A3-9474-1A3956D46DE8}") = "_Dependencies", "_Dependencies", "{CDA071C9-8EF0-464F-B54A-8549BC36329C}"
EndProject
Project("{9A19103F-16F7-4668-BE54-9A1E7A4F7556}") = "R5T.T0143", "..\..\R5T.T0143\source\R5T.T0143\R5T.T0143.csproj", "{85ACC21B-659B-44C6-8F17-48C38DA6D25F}"
EndProject
Project("{9A19103F-16F7-4668-BE54-9A1E7A4F7556}") = "R5T.T0178", "..\..\R5T.T0178\source\R5T.T0178\R5T.T0178.csproj", "{11E9007C-23FA-4559-9694-5600558BDB75}"
EndProject
Project("{9A19103F-16F7-4668-BE54-9A1E7A4F7556}") = "R5T.T0179", "..\..\R5T.T0179\source\R5T.T0179\R5T.T0179.csproj", "{4D47EA79-3CAA-4150-BACC-24801817730A}"
EndProject
Project("{9A19103F-16F7-4668-BE54-9A1E7A4F7556}") = "R5T.T0131", "..\..\R5T.T0131\source\R5T.T0131\R5T.T0131.csproj", "{301FC823-FB83-49C7-92E1-2ED629BE89F8}"
EndProject
Project("{9A19103F-16F7-4668-BE54-9A1E7A4F7556}") = "R5T.T0132", "..\..\R5T.T0132\source\R5T.T0132\R5T.T0132.csproj", "{22FA55AB-0FAA-477B-BA86-81A2AA7D204C}"
EndProject
Project("{9A19103F-16F7-4668-BE54-9A1E7A4F7556}") = "R5T.T0161", "..\..\R5T.T0161\source\R5T.T0161\R5T.T0161.csproj", "{9976852A-0043-4852-ACA1-01285EDFC0AE}"
EndProject
Project("{9A19103F-16F7-4668-BE54-9A1E7A4F7556}") = "R5T.F0000", "..\..\R5T.F0000\source\R5T.F0000\R5T.F0000.csproj", "{DEDCF7E2-157C-4CA2-ABCB-D114BD22956C}"
EndProject
Project("{9A19103F-16F7-4668-BE54-9A1E7A4F7556}") = "R5T.T0142", "..\..\R5T.T0142\source\R5T.T0142\R5T.T0142.csproj", "{7B92411B-C1C9-4786-BCB3-E8071D1350FC}"
EndProject
Project("{9A19103F-16F7-4668-BE54-9A1E7A4F7556}") = "R5T.T0156", "..\..\R5T.T0156\source\R5T.T0156\R5T.T0156.csproj", "{139DFA0C-6416-44BA-890E-FF9E09445E54}"
EndProject
Project("{9A19103F-16F7-4668-BE54-9A1E7A4F7556}") = "R5T.Y0000", "..\..\R5T.Y0000\source\R5T.Y0000\R5T.Y0000.csproj", "{DB5A0C0D-1F73-4CB8-90A4-4B87994AD1CD}"
EndProject
Project("{9A19103F-16F7-4668-BE54-9A1E7A4F7556}") = "R5T.Z0000", "..\..\R5T.Z0000\source\R5T.Z0000\R5T.Z0000.csproj", "{D78F8D0F-B921-4BD3-B7BD-B4B51A061218}"
EndProject
Project("{9A19103F-16F7-4668-BE54-9A1E7A4F7556}") = "R5T.T0141", "..\..\R5T.T0141\source\R5T.T0141\R5T.T0141.csproj", "{FB60A094-0BFB-4751-B36A-3023CA884A6C}"
EndProject
Project("{9A19103F-16F7-4668-BE54-9A1E7A4F7556}") = "R5T.L0053", "..\..\R5T.L0053\source\R5T.L0053\R5T.L0053.csproj", "{8AFB7563-AF02-41B6-85DE-96B8C02E7E31}"
EndProject
Project("{9A19103F-16F7-4668-BE54-9A1E7A4F7556}") = "R5T.L0066", "..\..\R5T.L0066\source\R5T.L0066\R5T.L0066.csproj", "{D7F2666A-7DF0-4C66-846B-068917C729CA}"
EndProject
Project("{9A19103F-16F7-4668-BE54-9A1E7A4F7556}") = "R5T.L0071", "..\..\R5T.L0071\source\R5T.L0071\R5T.L0071.csproj", "{0785C051-240A-47DB-975B-6629C348A699}"
EndProject
Project("{9A19103F-16F7-4668-BE54-9A1E7A4F7556}") = "R5T.L0089.F000", "..\..\R5T.L0089\source\R5T.L0089.F000\R5T.L0089.F000.csproj", "{9C0E9403-DD2E-4735-BB78-E861B8926620}"
EndProject
Project("{9A19103F-16F7-4668-BE54-9A1E7A4F7556}") = "R5T.L0089.T000", "..\..\R5T.L0089\source\R5T.L0089.T000\R5T.L0089.T000.csproj", "{8DA2EF3D-AA42-4E1E-8993-44CE2753227B}"
EndProject
Project("{9A19103F-16F7-4668-BE54-9A1E7A4F7556}") = "R5T.L0089", "..\..\R5T.L0089\source\R5T.L0089\R5T.L0089.csproj", "{89219F29-E0EA-43A0-98CE-1120BB806506}"
EndProject
Project("{9A19103F-16F7-4668-BE54-9A1E7A4F7556}") = "R5T.T0221", "..\..\R5T.T0221\source\R5T.T0221\R5T.T0221.csproj", "{350640D7-5B95-49C3-BDA6-A9CAC9DD9C9F}"
EndProject
Project("{9A19103F-16F7-4668-BE54-9A1E7A4F7556}") = "R5T.Y0006", "..\..\R5T.Y0006\source\R5T.Y0006\R5T.Y0006.csproj", "{EF974031-9A4C-4431-B3E5-D602D2A52C97}"
EndProject
Project("{9A19103F-16F7-4668-BE54-9A1E7A4F7556}") = "R5T.Z0010.Platform", "..\..\R5T.Z0010\source\R5T.Z0010.Platform\R5T.Z0010.Platform.csproj", "{DBE89672-3470-4732-8681-DA603C62E9D7}"
EndProject
Global
	GlobalSection(NestedProjects) = preSolution
		{85ACC21B-659B-44C6-8F17-48C38DA6D25F} = {CDA071C9-8EF0-464F-B54A-8549BC36329C}
		{11E9007C-23FA-4559-9694-5600558BDB75} = {CDA071C9-8EF0-464F-B54A-8549BC36329C}
		{4D47EA79-3CAA-4150-BACC-24801817730A} = {CDA071C9-8EF0-464F-B54A-8549BC36329C}
		{301FC823-FB83-49C7-92E1-2ED629BE89F8} = {CDA071C9-8EF0-464F-B54A-8549BC36329C}
		{22FA55AB-0FAA-477B-BA86-81A2AA7D204C} = {CDA071C9-8EF0-464F-B54A-8549BC36329C}
		{9976852A-0043-4852-ACA1-01285EDFC0AE} = {CDA071C9-8EF0-464F-B54A-8549BC36329C}
		{DEDCF7E2-157C-4CA2-ABCB-D114BD22956C} = {CDA071C9-8EF0-464F-B54A-8549BC36329C}
		{7B92411B-C1C9-4786-BCB3-E8071D1350FC} = {CDA071C9-8EF0-464F-B54A-8549BC36329C}
		{139DFA0C-6416-44BA-890E-FF9E09445E54} = {CDA071C9-8EF0-464F-B54A-8549BC36329C}
		{DB5A0C0D-1F73-4CB8-90A4-4B87994AD1CD} = {CDA071C9-8EF0-464F-B54A-8549BC36329C}
		{D78F8D0F-B921-4BD3-B7BD-B4B51A061218} = {CDA071C9-8EF0-464F-B54A-8549BC36329C}
		{FB60A094-0BFB-4751-B36A-3023CA884A6C} = {CDA071C9-8EF0-464F-B54A-8549BC36329C}
		{8AFB7563-AF02-41B6-85DE-96B8C02E7E31} = {CDA071C9-8EF0-464F-B54A-8549BC36329C}
		{D7F2666A-7DF0-4C66-846B-068917C729CA} = {CDA071C9-8EF0-464F-B54A-8549BC36329C}
		{0785C051-240A-47DB-975B-6629C348A699} = {CDA071C9-8EF0-464F-B54A-8549BC36329C}
		{9C0E9403-DD2E-4735-BB78-E861B8926620} = {CDA071C9-8EF0-464F-B54A-8549BC36329C}
		{8DA2EF3D-AA42-4E1E-8993-44CE2753227B} = {CDA071C9-8EF0-464F-B54A-8549BC36329C}
		{89219F29-E0EA-43A0-98CE-1120BB806506} = {CDA071C9-8EF0-464F-B54A-8549BC36329C}
		{350640D7-5B95-49C3-BDA6-A9CAC9DD9C9F} = {CDA071C9-8EF0-464F-B54A-8549BC36329C}
		{EF974031-9A4C-4431-B3E5-D602D2A52C97} = {CDA071C9-8EF0-464F-B54A-8549BC36329C}
		{DBE89672-3470-4732-8681-DA603C62E9D7} = {CDA071C9-8EF0-464F-B54A-8549BC36329C}
	EndGlobalSection
	GlobalSection(SolutionConfigurationPlatforms) = preSolution
		Debug|Any CPU = Debug|Any CPU
		Release|Any CPU = Release|Any CPU
	EndGlobalSection
	GlobalSection(ProjectConfigurationPlatforms) = postSolution
		{6901D353-E8F7-4054-8608-E56560F0A005}.Debug|Any CPU.ActiveCfg = Debug|Any CPU
		{6901D353-E8F7-4054-8608-E56560F0A005}.Debug|Any CPU.Build.0 = Debug|Any CPU
		{6901D353-E8F7-4054-8608-E56560F0A005}.Release|Any CPU.ActiveCfg = Release|Any CPU
		{6901D353-E8F7-4054-8608-E56560F0A005}.Release|Any CPU.Build.0 = Release|Any CPU
		{9ADCA6D3-33DF-410D-B367-B180190A34C9}.Debug|Any CPU.ActiveCfg = Debug|Any CPU
		{9ADCA6D3-33DF-410D-B367-B180190A34C9}.Debug|Any CPU.Build.0 = Debug|Any CPU
		{9ADCA6D3-33DF-410D-B367-B180190A34C9}.Release|Any CPU.ActiveCfg = Release|Any CPU
		{9ADCA6D3-33DF-410D-B367-B180190A34C9}.Release|Any CPU.Build.0 = Release|Any CPU
		{85ACC21B-659B-44C6-8F17-48C38DA6D25F}.Debug|Any CPU.ActiveCfg = Debug|Any CPU
		{85ACC21B-659B-44C6-8F17-48C38DA6D25F}.Debug|Any CPU.Build.0 = Debug|Any CPU
		{85ACC21B-659B-44C6-8F17-48C38DA6D25F}.Release|Any CPU.ActiveCfg = Release|Any CPU
		{85ACC21B-659B-44C6-8F17-48C38DA6D25F}.Release|Any CPU.Build.0 = Release|Any CPU
		{11E9007C-23FA-4559-9694-5600558BDB75}.Debug|Any CPU.ActiveCfg = Debug|Any CPU
		{11E9007C-23FA-4559-9694-5600558BDB75}.Debug|Any CPU.Build.0 = Debug|Any CPU
		{11E9007C-23FA-4559-9694-5600558BDB75}.Release|Any CPU.ActiveCfg = Release|Any CPU
		{11E9007C-23FA-4559-9694-5600558BDB75}.Release|Any CPU.Build.0 = Release|Any CPU
		{4D47EA79-3CAA-4150-BACC-24801817730A}.Debug|Any CPU.ActiveCfg = Debug|Any CPU
		{4D47EA79-3CAA-4150-BACC-24801817730A}.Debug|Any CPU.Build.0 = Debug|Any CPU
		{4D47EA79-3CAA-4150-BACC-24801817730A}.Release|Any CPU.ActiveCfg = Release|Any CPU
		{4D47EA79-3CAA-4150-BACC-24801817730A}.Release|Any CPU.Build.0 = Release|Any CPU
		{301FC823-FB83-49C7-92E1-2ED629BE89F8}.Debug|Any CPU.ActiveCfg = Debug|Any CPU
		{301FC823-FB83-49C7-92E1-2ED629BE89F8}.Debug|Any CPU.Build.0 = Debug|Any CPU
		{301FC823-FB83-49C7-92E1-2ED629BE89F8}.Release|Any CPU.ActiveCfg = Release|Any CPU
		{301FC823-FB83-49C7-92E1-2ED629BE89F8}.Release|Any CPU.Build.0 = Release|Any CPU
		{22FA55AB-0FAA-477B-BA86-81A2AA7D204C}.Debug|Any CPU.ActiveCfg = Debug|Any CPU
		{22FA55AB-0FAA-477B-BA86-81A2AA7D204C}.Debug|Any CPU.Build.0 = Debug|Any CPU
		{22FA55AB-0FAA-477B-BA86-81A2AA7D204C}.Release|Any CPU.ActiveCfg = Release|Any CPU
		{22FA55AB-0FAA-477B-BA86-81A2AA7D204C}.Release|Any CPU.Build.0 = Release|Any CPU
		{9976852A-0043-4852-ACA1-01285EDFC0AE}.Debug|Any CPU.ActiveCfg = Debug|Any CPU
		{9976852A-0043-4852-ACA1-01285EDFC0AE}.Debug|Any CPU.Build.0 = Debug|Any CPU
		{9976852A-0043-4852-ACA1-01285EDFC0AE}.Release|Any CPU.ActiveCfg = Release|Any CPU
		{9976852A-0043-4852-ACA1-01285EDFC0AE}.Release|Any CPU.Build.0 = Release|Any CPU
		{DEDCF7E2-157C-4CA2-ABCB-D114BD22956C}.Debug|Any CPU.ActiveCfg = Debug|Any CPU
		{DEDCF7E2-157C-4CA2-ABCB-D114BD22956C}.Debug|Any CPU.Build.0 = Debug|Any CPU
		{DEDCF7E2-157C-4CA2-ABCB-D114BD22956C}.Release|Any CPU.ActiveCfg = Release|Any CPU
		{DEDCF7E2-157C-4CA2-ABCB-D114BD22956C}.Release|Any CPU.Build.0 = Release|Any CPU
		{7B92411B-C1C9-4786-BCB3-E8071D1350FC}.Debug|Any CPU.ActiveCfg = Debug|Any CPU
		{7B92411B-C1C9-4786-BCB3-E8071D1350FC}.Debug|Any CPU.Build.0 = Debug|Any CPU
		{7B92411B-C1C9-4786-BCB3-E8071D1350FC}.Release|Any CPU.ActiveCfg = Release|Any CPU
		{7B92411B-C1C9-4786-BCB3-E8071D1350FC}.Release|Any CPU.Build.0 = Release|Any CPU
		{139DFA0C-6416-44BA-890E-FF9E09445E54}.Debug|Any CPU.ActiveCfg = Debug|Any CPU
		{139DFA0C-6416-44BA-890E-FF9E09445E54}.Debug|Any CPU.Build.0 = Debug|Any CPU
		{139DFA0C-6416-44BA-890E-FF9E09445E54}.Release|Any CPU.ActiveCfg = Release|Any CPU
		{139DFA0C-6416-44BA-890E-FF9E09445E54}.Release|Any CPU.Build.0 = Release|Any CPU
		{DB5A0C0D-1F73-4CB8-90A4-4B87994AD1CD}.Debug|Any CPU.ActiveCfg = Debug|Any CPU
		{DB5A0C0D-1F73-4CB8-90A4-4B87994AD1CD}.Debug|Any CPU.Build.0 = Debug|Any CPU
		{DB5A0C0D-1F73-4CB8-90A4-4B87994AD1CD}.Release|Any CPU.ActiveCfg = Release|Any CPU
		{DB5A0C0D-1F73-4CB8-90A4-4B87994AD1CD}.Release|Any CPU.Build.0 = Release|Any CPU
		{D78F8D0F-B921-4BD3-B7BD-B4B51A061218}.Debug|Any CPU.ActiveCfg = Debug|Any CPU
		{D78F8D0F-B921-4BD3-B7BD-B4B51A061218}.Debug|Any CPU.Build.0 = Debug|Any CPU
		{D78F8D0F-B921-4BD3-B7BD-B4B51A061218}.Release|Any CPU.ActiveCfg = Release|Any CPU
		{D78F8D0F-B921-4BD3-B7BD-B4B51A061218}.Release|Any CPU.Build.0 = Release|Any CPU
		{FB60A094-0BFB-4751-B36A-3023CA884A6C}.Debug|Any CPU.ActiveCfg = Debug|Any CPU
		{FB60A094-0BFB-4751-B36A-3023CA884A6C}.Debug|Any CPU.Build.0 = Debug|Any CPU
		{FB60A094-0BFB-4751-B36A-3023CA884A6C}.Release|Any CPU.ActiveCfg = Release|Any CPU
		{FB60A094-0BFB-4751-B36A-3023CA884A6C}.Release|Any CPU.Build.0 = Release|Any CPU
		{8AFB7563-AF02-41B6-85DE-96B8C02E7E31}.Debug|Any CPU.ActiveCfg = Debug|Any CPU
		{8AFB7563-AF02-41B6-85DE-96B8C02E7E31}.Debug|Any CPU.Build.0 = Debug|Any CPU
		{8AFB7563-AF02-41B6-85DE-96B8C02E7E31}.Release|Any CPU.ActiveCfg = Release|Any CPU
		{8AFB7563-AF02-41B6-85DE-96B8C02E7E31}.Release|Any CPU.Build.0 = Release|Any CPU
		{D7F2666A-7DF0-4C66-846B-068917C729CA}.Debug|Any CPU.ActiveCfg = Debug|Any CPU
		{D7F2666A-7DF0-4C66-846B-068917C729CA}.Debug|Any CPU.Build.0 = Debug|Any CPU
		{D7F2666A-7DF0-4C66-846B-068917C729CA}.Release|Any CPU.ActiveCfg = Release|Any CPU
		{D7F2666A-7DF0-4C66-846B-068917C729CA}.Release|Any CPU.Build.0 = Release|Any CPU
		{0785C051-240A-47DB-975B-6629C348A699}.Debug|Any CPU.ActiveCfg = Debug|Any CPU
		{0785C051-240A-47DB-975B-6629C348A699}.Debug|Any CPU.Build.0 = Debug|Any CPU
		{0785C051-240A-47DB-975B-6629C348A699}.Release|Any CPU.ActiveCfg = Release|Any CPU
		{0785C051-240A-47DB-975B-6629C348A699}.Release|Any CPU.Build.0 = Release|Any CPU
		{9C0E9403-DD2E-4735-BB78-E861B8926620}.Debug|Any CPU.ActiveCfg = Debug|Any CPU
		{9C0E9403-DD2E-4735-BB78-E861B8926620}.Debug|Any CPU.Build.0 = Debug|Any CPU
		{9C0E9403-DD2E-4735-BB78-E861B8926620}.Release|Any CPU.ActiveCfg = Release|Any CPU
		{9C0E9403-DD2E-4735-BB78-E861B8926620}.Release|Any CPU.Build.0 = Release|Any CPU
		{8DA2EF3D-AA42-4E1E-8993-44CE2753227B}.Debug|Any CPU.ActiveCfg = Debug|Any CPU
		{8DA2EF3D-AA42-4E1E-8993-44CE2753227B}.Debug|Any CPU.Build.0 = Debug|Any CPU
		{8DA2EF3D-AA42-4E1E-8993-44CE2753227B}.Release|Any CPU.ActiveCfg = Release|Any CPU
		{8DA2EF3D-AA42-4E1E-8993-44CE2753227B}.Release|Any CPU.Build.0 = Release|Any CPU
		{89219F29-E0EA-43A0-98CE-1120BB806506}.Debug|Any CPU.ActiveCfg = Debug|Any CPU
		{89219F29-E0EA-43A0-98CE-1120BB806506}.Debug|Any CPU.Build.0 = Debug|Any CPU
		{89219F29-E0EA-43A0-98CE-1120BB806506}.Release|Any CPU.ActiveCfg = Release|Any CPU
		{89219F29-E0EA-43A0-98CE-1120BB806506}.Release|Any CPU.Build.0 = Release|Any CPU
		{350640D7-5B95-49C3-BDA6-A9CAC9DD9C9F}.Debug|Any CPU.ActiveCfg = Debug|Any CPU
		{350640D7-5B95-49C3-BDA6-A9CAC9DD9C9F}.Debug|Any CPU.Build.0 = Debug|Any CPU
		{350640D7-5B95-49C3-BDA6-A9CAC9DD9C9F}.Release|Any CPU.ActiveCfg = Release|Any CPU
		{350640D7-5B95-49C3-BDA6-A9CAC9DD9C9F}.Release|Any CPU.Build.0 = Release|Any CPU
		{EF974031-9A4C-4431-B3E5-D602D2A52C97}.Debug|Any CPU.ActiveCfg = Debug|Any CPU
		{EF974031-9A4C-4431-B3E5-D602D2A52C97}.Debug|Any CPU.Build.0 = Debug|Any CPU
		{EF974031-9A4C-4431-B3E5-D602D2A52C97}.Release|Any CPU.ActiveCfg = Release|Any CPU
		{EF974031-9A4C-4431-B3E5-D602D2A52C97}.Release|Any CPU.Build.0 = Release|Any CPU
		{DBE89672-3470-4732-8681-DA603C62E9D7}.Debug|Any CPU.ActiveCfg = Debug|Any CPU
		{DBE89672-3470-4732-8681-DA603C62E9D7}.Debug|Any CPU.Build.0 = Debug|Any CPU
		{DBE89672-3470-4732-8681-DA603C62E9D7}.Release|Any CPU.ActiveCfg = Release|Any CPU
		{DBE89672-3470-4732-8681-DA603C62E9D7}.Release|Any CPU.Build.0 = Release|Any CPU
	EndGlobalSection
	GlobalSection(SolutionProperties) = preSolution
		HideSolutionNode = FALSE
	EndGlobalSection
	GlobalSection(ExtensibilityGlobals) = postSolution
		SolutionGuid = {BF898A29-7204-4866-905D-9EF4BEAC2A34}
	EndGlobalSection
EndGlobal
