
Microsoft Visual Studio Solution File, Format Version 12.00
# Visual Studio Version 17
VisualStudioVersion = 17.2.32630.192
MinimumVisualStudioVersion = 10.0.40219.1
Project("{9A19103F-16F7-4668-BE54-9A1E7A4F7556}") = "R5T.F0121", "R5T.F0121\R5T.F0121.csproj", "{FB62A5A2-F22D-4323-8E5E-6AAB43C1CA92}"
EndProject
Global
	GlobalSection(SolutionConfigurationPlatforms) = preSolution
		Debug|Any CPU = Debug|Any CPU
		Release|Any CPU = Release|Any CPU
	EndGlobalSection
	GlobalSection(ProjectConfigurationPlatforms) = postSolution
		{FB62A5A2-F22D-4323-8E5E-6AAB43C1CA92}.Debug|Any CPU.ActiveCfg = Debug|Any CPU
		{FB62A5A2-F22D-4323-8E5E-6AAB43C1CA92}.Debug|Any CPU.Build.0 = Debug|Any CPU
		{FB62A5A2-F22D-4323-8E5E-6AAB43C1CA92}.Release|Any CPU.ActiveCfg = Release|Any CPU
		{FB62A5A2-F22D-4323-8E5E-6AAB43C1CA92}.Release|Any CPU.Build.0 = Release|Any CPU
	EndGlobalSection
	GlobalSection(SolutionProperties) = preSolution
		HideSolutionNode = FALSE
	EndGlobalSection
	GlobalSection(ExtensibilityGlobals) = postSolution
		SolutionGuid = {51FD4327-3794-41C3-986D-D79DD2CD5DD6}
	EndGlobalSection
EndGlobal
